
Microsoft Visual Studio Solution File, Format Version 12.00
# Visual Studio Version 17
VisualStudioVersion = 17.8.34330.188
MinimumVisualStudioVersion = 10.0.40219.1
Project("{9A19103F-16F7-4668-BE54-9A1E7A4F7556}") = "BikeStore.Data", "BikeStore.Data\BikeStore.Data.csproj", "{7FAB0549-08A5-4277-AE5E-A14FB83916EF}"
EndProject
Project("{9A19103F-16F7-4668-BE54-9A1E7A4F7556}") = "BikeStore.Endpoint", "BikeStore.Endpoint\BikeStore.Endpoint.csproj", "{6A265D98-542B-4DC9-B69F-B09CCE7DCF33}"
EndProject
Project("{9A19103F-16F7-4668-BE54-9A1E7A4F7556}") = "BikeStore.Entities", "BikeStore.Entities\BikeStore.Entities.csproj", "{B26DF06D-3A91-4A30-BC8C-F4DAC8666E44}"
EndProject
Project("{9A19103F-16F7-4668-BE54-9A1E7A4F7556}") = "BikeStore.Logic", "BikeStore.Logic\BikeStore.Logic.csproj", "{9AB810A3-6D93-4341-8DE1-DD049DC5F4B0}"
EndProject
Global
	GlobalSection(SolutionConfigurationPlatforms) = preSolution
		Debug|Any CPU = Debug|Any CPU
		Release|Any CPU = Release|Any CPU
	EndGlobalSection
	GlobalSection(ProjectConfigurationPlatforms) = postSolution
		{7FAB0549-08A5-4277-AE5E-A14FB83916EF}.Debug|Any CPU.ActiveCfg = Debug|Any CPU
		{7FAB0549-08A5-4277-AE5E-A14FB83916EF}.Debug|Any CPU.Build.0 = Debug|Any CPU
		{7FAB0549-08A5-4277-AE5E-A14FB83916EF}.Release|Any CPU.ActiveCfg = Release|Any CPU
		{7FAB0549-08A5-4277-AE5E-A14FB83916EF}.Release|Any CPU.Build.0 = Release|Any CPU
		{6A265D98-542B-4DC9-B69F-B09CCE7DCF33}.Debug|Any CPU.ActiveCfg = Debug|Any CPU
		{6A265D98-542B-4DC9-B69F-B09CCE7DCF33}.Debug|Any CPU.Build.0 = Debug|Any CPU
		{6A265D98-542B-4DC9-B69F-B09CCE7DCF33}.Release|Any CPU.ActiveCfg = Release|Any CPU
		{6A265D98-542B-4DC9-B69F-B09CCE7DCF33}.Release|Any CPU.Build.0 = Release|Any CPU
		{B26DF06D-3A91-4A30-BC8C-F4DAC8666E44}.Debug|Any CPU.ActiveCfg = Debug|Any CPU
		{B26DF06D-3A91-4A30-BC8C-F4DAC8666E44}.Debug|Any CPU.Build.0 = Debug|Any CPU
		{B26DF06D-3A91-4A30-BC8C-F4DAC8666E44}.Release|Any CPU.ActiveCfg = Release|Any CPU
		{B26DF06D-3A91-4A30-BC8C-F4DAC8666E44}.Release|Any CPU.Build.0 = Release|Any CPU
		{9AB810A3-6D93-4341-8DE1-DD049DC5F4B0}.Debug|Any CPU.ActiveCfg = Debug|Any CPU
		{9AB810A3-6D93-4341-8DE1-DD049DC5F4B0}.Debug|Any CPU.Build.0 = Debug|Any CPU
		{9AB810A3-6D93-4341-8DE1-DD049DC5F4B0}.Release|Any CPU.ActiveCfg = Release|Any CPU
		{9AB810A3-6D93-4341-8DE1-DD049DC5F4B0}.Release|Any CPU.Build.0 = Release|Any CPU
	EndGlobalSection
	GlobalSection(SolutionProperties) = preSolution
		HideSolutionNode = FALSE
	EndGlobalSection
	GlobalSection(ExtensibilityGlobals) = postSolution
		SolutionGuid = {EB39D3C1-7EAE-4BB6-955F-4146A9B71A80}
	EndGlobalSection
EndGlobal
